
Microsoft Visual Studio Solution File, Format Version 12.00
# Visual Studio Version 17
VisualStudioVersion = 17.12.35527.113 d17.12
MinimumVisualStudioVersion = 10.0.40219.1
Project("{FAE04EC0-301F-11D3-BF4B-00C04F79EFBC}") = "ماشین حساب", "ماشین حساب\ماشین حساب.csproj", "{B4C51D30-0D76-4F69-92C1-CE081A7E2425}"
EndProject
Global
	GlobalSection(SolutionConfigurationPlatforms) = preSolution
		Debug|Any CPU = Debug|Any CPU
		Release|Any CPU = Release|Any CPU
	EndGlobalSection
	GlobalSection(ProjectConfigurationPlatforms) = postSolution
		{B4C51D30-0D76-4F69-92C1-CE081A7E2425}.Debug|Any CPU.ActiveCfg = Debug|Any CPU
		{B4C51D30-0D76-4F69-92C1-CE081A7E2425}.Debug|Any CPU.Build.0 = Debug|Any CPU
		{B4C51D30-0D76-4F69-92C1-CE081A7E2425}.Release|Any CPU.ActiveCfg = Release|Any CPU
		{B4C51D30-0D76-4F69-92C1-CE081A7E2425}.Release|Any CPU.Build.0 = Release|Any CPU
	EndGlobalSection
	GlobalSection(SolutionProperties) = preSolution
		HideSolutionNode = FALSE
	EndGlobalSection
EndGlobal
